
Microsoft Visual Studio Solution File, Format Version 12.00
# Visual Studio Version 17
VisualStudioVersion = 17.13.35913.81
MinimumVisualStudioVersion = 10.0.40219.1
Project("{2150E333-8FDC-42A3-9474-1A3956D46DE8}") = "1. Presentaciones", "1. Presentaciones", "{02EA681E-C7D8-13C7-8484-4AC65E1B71E8}"
EndProject
Project("{2150E333-8FDC-42A3-9474-1A3956D46DE8}") = "2. Servicios", "2. Servicios", "{134E9A09-8BDD-40B1-8042-D63F094437C3}"
EndProject
Project("{2150E333-8FDC-42A3-9474-1A3956D46DE8}") = "3. Nucleo", "3. Nucleo", "{8D7C2B64-09B8-4297-9253-4A02FE2F2B0A}"
EndProject
Project("{2150E333-8FDC-42A3-9474-1A3956D46DE8}") = "4.Pruebas unitarias", "4.Pruebas unitarias", "{2C0176F6-4862-4948-A101-285BF63BD319}"
EndProject
Project("{FAE04EC0-301F-11D3-BF4B-00C04F79EFBC}") = "Lib_dominio", "Lib_dominio\Lib_dominio.csproj", "{ECA613F7-D34A-433C-B682-E2DA5360F2AB}"
EndProject
Project("{FAE04EC0-301F-11D3-BF4B-00C04F79EFBC}") = "Lib_repositorio", "Lib_repositorio\Lib_repositorio.csproj", "{88F3E1C2-929F-40F0-B9A4-6A273D580DAA}"
EndProject
Project("{FAE04EC0-301F-11D3-BF4B-00C04F79EFBC}") = "ut_presentacion", "ut_presentacion\ut_presentacion.csproj", "{CC133F09-D9C0-4D23-9A55-1DC28B8E648F}"
EndProject
Project("{2150E333-8FDC-42A3-9474-1A3956D46DE8}") = "Elementos de la solución", "Elementos de la solución", "{D107F4C8-89CC-BEA8-D3D7-CA6B7733353D}"
	ProjectSection(SolutionItems) = preProject
		secretos.json = secretos.json
	EndProjectSection
EndProject
Project("{FAE04EC0-301F-11D3-BF4B-00C04F79EFBC}") = "Lib_aplicacion", "Lib_aplicacion\Lib_aplicacion.csproj", "{0824F646-7683-4D60-9BA0-CAEF8F05DA39}"
EndProject
Project("{FAE04EC0-301F-11D3-BF4B-00C04F79EFBC}") = "Asp_servicio", "Asp_servicio\Asp_servicio.csproj", "{2A3AC2DA-288B-4BB2-BE29-D1514A2D2D01}"
EndProject
Project("{FAE04EC0-301F-11D3-BF4B-00C04F79EFBC}") = "lib_presentaciones", "lib_presentaciones\lib_presentaciones.csproj", "{1B63F959-C89E-4C4B-BD6D-AA3213223804}"
EndProject
Project("{FAE04EC0-301F-11D3-BF4B-00C04F79EFBC}") = "asp_presentacion", "asp_presentacion\asp_presentacion.csproj", "{E2381BE1-74F2-489B-91D8-9A2D9267DF6A}"
EndProject
Global
	GlobalSection(SolutionConfigurationPlatforms) = preSolution
		Debug|Any CPU = Debug|Any CPU
		Release|Any CPU = Release|Any CPU
	EndGlobalSection
	GlobalSection(ProjectConfigurationPlatforms) = postSolution
		{ECA613F7-D34A-433C-B682-E2DA5360F2AB}.Debug|Any CPU.ActiveCfg = Debug|Any CPU
		{ECA613F7-D34A-433C-B682-E2DA5360F2AB}.Debug|Any CPU.Build.0 = Debug|Any CPU
		{ECA613F7-D34A-433C-B682-E2DA5360F2AB}.Release|Any CPU.ActiveCfg = Release|Any CPU
		{ECA613F7-D34A-433C-B682-E2DA5360F2AB}.Release|Any CPU.Build.0 = Release|Any CPU
		{88F3E1C2-929F-40F0-B9A4-6A273D580DAA}.Debug|Any CPU.ActiveCfg = Debug|Any CPU
		{88F3E1C2-929F-40F0-B9A4-6A273D580DAA}.Debug|Any CPU.Build.0 = Debug|Any CPU
		{88F3E1C2-929F-40F0-B9A4-6A273D580DAA}.Release|Any CPU.ActiveCfg = Release|Any CPU
		{88F3E1C2-929F-40F0-B9A4-6A273D580DAA}.Release|Any CPU.Build.0 = Release|Any CPU
		{CC133F09-D9C0-4D23-9A55-1DC28B8E648F}.Debug|Any CPU.ActiveCfg = Debug|Any CPU
		{CC133F09-D9C0-4D23-9A55-1DC28B8E648F}.Debug|Any CPU.Build.0 = Debug|Any CPU
		{CC133F09-D9C0-4D23-9A55-1DC28B8E648F}.Release|Any CPU.ActiveCfg = Release|Any CPU
		{CC133F09-D9C0-4D23-9A55-1DC28B8E648F}.Release|Any CPU.Build.0 = Release|Any CPU
		{0824F646-7683-4D60-9BA0-CAEF8F05DA39}.Debug|Any CPU.ActiveCfg = Debug|Any CPU
		{0824F646-7683-4D60-9BA0-CAEF8F05DA39}.Debug|Any CPU.Build.0 = Debug|Any CPU
		{0824F646-7683-4D60-9BA0-CAEF8F05DA39}.Release|Any CPU.ActiveCfg = Release|Any CPU
		{0824F646-7683-4D60-9BA0-CAEF8F05DA39}.Release|Any CPU.Build.0 = Release|Any CPU
		{2A3AC2DA-288B-4BB2-BE29-D1514A2D2D01}.Debug|Any CPU.ActiveCfg = Debug|Any CPU
		{2A3AC2DA-288B-4BB2-BE29-D1514A2D2D01}.Debug|Any CPU.Build.0 = Debug|Any CPU
		{2A3AC2DA-288B-4BB2-BE29-D1514A2D2D01}.Release|Any CPU.ActiveCfg = Release|Any CPU
		{2A3AC2DA-288B-4BB2-BE29-D1514A2D2D01}.Release|Any CPU.Build.0 = Release|Any CPU
		{1B63F959-C89E-4C4B-BD6D-AA3213223804}.Debug|Any CPU.ActiveCfg = Debug|Any CPU
		{1B63F959-C89E-4C4B-BD6D-AA3213223804}.Debug|Any CPU.Build.0 = Debug|Any CPU
		{1B63F959-C89E-4C4B-BD6D-AA3213223804}.Release|Any CPU.ActiveCfg = Release|Any CPU
		{1B63F959-C89E-4C4B-BD6D-AA3213223804}.Release|Any CPU.Build.0 = Release|Any CPU
		{E2381BE1-74F2-489B-91D8-9A2D9267DF6A}.Debug|Any CPU.ActiveCfg = Debug|Any CPU
		{E2381BE1-74F2-489B-91D8-9A2D9267DF6A}.Debug|Any CPU.Build.0 = Debug|Any CPU
		{E2381BE1-74F2-489B-91D8-9A2D9267DF6A}.Release|Any CPU.ActiveCfg = Release|Any CPU
		{E2381BE1-74F2-489B-91D8-9A2D9267DF6A}.Release|Any CPU.Build.0 = Release|Any CPU
	EndGlobalSection
	GlobalSection(SolutionProperties) = preSolution
		HideSolutionNode = FALSE
	EndGlobalSection
	GlobalSection(NestedProjects) = preSolution
		{ECA613F7-D34A-433C-B682-E2DA5360F2AB} = {8D7C2B64-09B8-4297-9253-4A02FE2F2B0A}
		{88F3E1C2-929F-40F0-B9A4-6A273D580DAA} = {134E9A09-8BDD-40B1-8042-D63F094437C3}
		{CC133F09-D9C0-4D23-9A55-1DC28B8E648F} = {2C0176F6-4862-4948-A101-285BF63BD319}
		{0824F646-7683-4D60-9BA0-CAEF8F05DA39} = {134E9A09-8BDD-40B1-8042-D63F094437C3}
		{2A3AC2DA-288B-4BB2-BE29-D1514A2D2D01} = {134E9A09-8BDD-40B1-8042-D63F094437C3}
		{1B63F959-C89E-4C4B-BD6D-AA3213223804} = {02EA681E-C7D8-13C7-8484-4AC65E1B71E8}
		{E2381BE1-74F2-489B-91D8-9A2D9267DF6A} = {02EA681E-C7D8-13C7-8484-4AC65E1B71E8}
	EndGlobalSection
	GlobalSection(ExtensibilityGlobals) = postSolution
		SolutionGuid = {CE6EF7B9-1058-408B-9C8D-94674E68F1BC}
	EndGlobalSection
EndGlobal
